
Microsoft Visual Studio Solution File, Format Version 12.00
# Visual Studio Version 17
VisualStudioVersion = 17.4.33122.133
MinimumVisualStudioVersion = 10.0.40219.1
Project("{FAE04EC0-301F-11D3-BF4B-00C04F79EFBC}") = "DiffCode.SignalR", "DiffCode.SignalR\DiffCode.SignalR.csproj", "{C308B814-72EA-4533-989D-2E274E1991F3}"
EndProject
Global
	GlobalSection(SolutionConfigurationPlatforms) = preSolution
		Debug|Any CPU = Debug|Any CPU
		Release|Any CPU = Release|Any CPU
	EndGlobalSection
	GlobalSection(ProjectConfigurationPlatforms) = postSolution
		{C308B814-72EA-4533-989D-2E274E1991F3}.Debug|Any CPU.ActiveCfg = Debug|Any CPU
		{C308B814-72EA-4533-989D-2E274E1991F3}.Debug|Any CPU.Build.0 = Debug|Any CPU
		{C308B814-72EA-4533-989D-2E274E1991F3}.Release|Any CPU.ActiveCfg = Release|Any CPU
		{C308B814-72EA-4533-989D-2E274E1991F3}.Release|Any CPU.Build.0 = Release|Any CPU
	EndGlobalSection
	GlobalSection(SolutionProperties) = preSolution
		HideSolutionNode = FALSE
	EndGlobalSection
	GlobalSection(ExtensibilityGlobals) = postSolution
		SolutionGuid = {6218312B-3838-4F10-B582-AAA68F3588D3}
	EndGlobalSection
EndGlobal
